
Microsoft Visual Studio Solution File, Format Version 12.00
# Visual Studio 2013
VisualStudioVersion = 12.0.30723.0
MinimumVisualStudioVersion = 10.0.40219.1
Project("{2150E333-8FDC-42A3-9474-1A3956D46DE8}") = "References", "References", "{6C621C8F-2FFD-4168-A23F-9CBCD28FF7BD}"
	ProjectSection(SolutionItems) = preProject
		References\Novaroma.dll = References\Novaroma.dll
	EndProjectSection
EndProject
Project("{FAE04EC0-301F-11D3-BF4B-00C04F79EFBC}") = "Novaroma.Plugins.MkvPackager", "Novaroma.Plugins.MkvPackager\Novaroma.Plugins.MkvPackager.csproj", "{1301DEA3-03EC-4978-BFBC-813A8D0AC216}"
EndProject
Global
	GlobalSection(SolutionConfigurationPlatforms) = preSolution
		Debug|Any CPU = Debug|Any CPU
		Release|Any CPU = Release|Any CPU
	EndGlobalSection
	GlobalSection(ProjectConfigurationPlatforms) = postSolution
		{1301DEA3-03EC-4978-BFBC-813A8D0AC216}.Debug|Any CPU.ActiveCfg = Debug|Any CPU
		{1301DEA3-03EC-4978-BFBC-813A8D0AC216}.Debug|Any CPU.Build.0 = Debug|Any CPU
		{1301DEA3-03EC-4978-BFBC-813A8D0AC216}.Release|Any CPU.ActiveCfg = Release|Any CPU
		{1301DEA3-03EC-4978-BFBC-813A8D0AC216}.Release|Any CPU.Build.0 = Release|Any CPU
	EndGlobalSection
	GlobalSection(SolutionProperties) = preSolution
		HideSolutionNode = FALSE
	EndGlobalSection
EndGlobal
